// !$*UTF8*$!
{
	archiveVersion = 1;
	classes = {
	};
	objectVersion = 50;
	objects = {

/* Begin PBXBuildFile section */
		4CFF9FD8259AB0CC00975BA7 /* AppDelegate.swift in Sources */ = {isa = PBXBuildFile; fileRef = 4CFF9FD7259AB0CC00975BA7 /* AppDelegate.swift */; };
		4CFF9FDC259AB0CC00975BA7 /* ViewController.swift in Sources */ = {isa = PBXBuildFile; fileRef = 4CFF9FDB259AB0CC00975BA7 /* ViewController.swift */; };
		4CFF9FE1259AB0CE00975BA7 /* Assets.xcassets in Resources */ = {isa = PBXBuildFile; fileRef = 4CFF9FE0259AB0CE00975BA7 /* Assets.xcassets */; };
		4CFF9FE4259AB0CE00975BA7 /* LaunchScreen.storyboard in Resources */ = {isa = PBXBuildFile; fileRef = 4CFF9FE2259AB0CE00975BA7 /* LaunchScreen.storyboard */; };
		4CFF9FEF259AB25400975BA7 /* SnowView.swift in Sources */ = {isa = PBXBuildFile; fileRef = 4CFF9FEE259AB25400975BA7 /* SnowView.swift */; };
		4CFF9FF2259AB26000975BA7 /* FlightData.swift in Sources */ = {isa = PBXBuildFile; fileRef = 4CFF9FF1259AB26000975BA7 /* FlightData.swift */; };
/* End PBXBuildFile section */

/* Begin PBXFileReference section */
		4CFF9FD4259AB0CC00975BA7 /* FlightInfo.app */ = {isa = PBXFileReference; explicitFileType = wrapper.application; includeInIndex = 0; path = FlightInfo.app; sourceTree = BUILT_PRODUCTS_DIR; };
		4CFF9FD7259AB0CC00975BA7 /* AppDelegate.swift */ = {isa = PBXFileReference; lastKnownFileType = sourcecode.swift; path = AppDelegate.swift; sourceTree = "<group>"; };
		4CFF9FDB259AB0CC00975BA7 /* ViewController.swift */ = {isa = PBXFileReference; lastKnownFileType = sourcecode.swift; path = ViewController.swift; sourceTree = "<group>"; };
		4CFF9FE0259AB0CE00975BA7 /* Assets.xcassets */ = {isa = PBXFileReference; lastKnownFileType = folder.assetcatalog; path = Assets.xcassets; sourceTree = "<group>"; };
		4CFF9FE3259AB0CE00975BA7 /* Base */ = {isa = PBXFileReference; lastKnownFileType = file.storyboard; name = Base; path = Base.lproj/LaunchScreen.storyboard; sourceTree = "<group>"; };
		4CFF9FE5259AB0CE00975BA7 /* Info.plist */ = {isa = PBXFileReference; lastKnownFileType = text.plist.xml; path = Info.plist; sourceTree = "<group>"; };
		4CFF9FEE259AB25400975BA7 /* SnowView.swift */ = {isa = PBXFileReference; lastKnownFileType = sourcecode.swift; path = SnowView.swift; sourceTree = "<group>"; };
		4CFF9FF1259AB26000975BA7 /* FlightData.swift */ = {isa = PBXFileReference; lastKnownFileType = sourcecode.swift; path = FlightData.swift; sourceTree = "<group>"; };
/* End PBXFileReference section */

/* Begin PBXFrameworksBuildPhase section */
		4CFF9FD1259AB0CC00975BA7 /* Frameworks */ = {
			isa = PBXFrameworksBuildPhase;
			buildActionMask = 2147483647;
			files = (
			);
			runOnlyForDeploymentPostprocessing = 0;
		};
/* End PBXFrameworksBuildPhase section */

/* Begin PBXGroup section */
		4CFF9FCB259AB0CB00975BA7 = {
			isa = PBXGroup;
			children = (
				4CFF9FD6259AB0CC00975BA7 /* FlightInfo */,
				4CFF9FD5259AB0CC00975BA7 /* Products */,
			);
			sourceTree = "<group>";
		};
		4CFF9FD5259AB0CC00975BA7 /* Products */ = {
			isa = PBXGroup;
			children = (
				4CFF9FD4259AB0CC00975BA7 /* FlightInfo.app */,
			);
			name = Products;
			sourceTree = "<group>";
		};
		4CFF9FD6259AB0CC00975BA7 /* FlightInfo */ = {
			isa = PBXGroup;
			children = (
				4CFF9FD7259AB0CC00975BA7 /* AppDelegate.swift */,
				4CFF9FDB259AB0CC00975BA7 /* ViewController.swift */,
				4CFF9FE0259AB0CE00975BA7 /* Assets.xcassets */,
				4CFF9FE2259AB0CE00975BA7 /* LaunchScreen.storyboard */,
				4CFF9FE5259AB0CE00975BA7 /* Info.plist */,
				4CFF9FEE259AB25400975BA7 /* SnowView.swift */,
				4CFF9FF1259AB26000975BA7 /* FlightData.swift */,
			);
			path = FlightInfo;
			sourceTree = "<group>";
		};
/* End PBXGroup section */

/* Begin PBXNativeTarget section */
		4CFF9FD3259AB0CC00975BA7 /* FlightInfo */ = {
			isa = PBXNativeTarget;
			buildConfigurationList = 4CFF9FE8259AB0CE00975BA7 /* Build configuration list for PBXNativeTarget "FlightInfo" */;
			buildPhases = (
				4CFF9FD0259AB0CC00975BA7 /* Sources */,
				4CFF9FD1259AB0CC00975BA7 /* Frameworks */,
				4CFF9FD2259AB0CC00975BA7 /* Resources */,
			);
			buildRules = (
			);
			dependencies = (
			);
			name = FlightInfo;
			productName = FlightInfo;
			productReference = 4CFF9FD4259AB0CC00975BA7 /* FlightInfo.app */;
			productType = "com.apple.product-type.application";
		};
/* End PBXNativeTarget section */

/* Begin PBXProject section */
		4CFF9FCC259AB0CB00975BA7 /* Project object */ = {
			isa = PBXProject;
			attributes = {
				LastSwiftUpdateCheck = 1230;
				LastUpgradeCheck = 1230;
				TargetAttributes = {
					4CFF9FD3259AB0CC00975BA7 = {
						CreatedOnToolsVersion = 12.3;
					};
				};
			};
			buildConfigurationList = 4CFF9FCF259AB0CB00975BA7 /* Build configuration list for PBXProject "FlightInfo" */;
			compatibilityVersion = "Xcode 9.3";
			developmentRegion = en;
			hasScannedForEncodings = 0;
			knownRegions = (
				en,
				Base,
			);
			mainGroup = 4CFF9FCB259AB0CB00975BA7;
			productRefGroup = 4CFF9FD5259AB0CC00975BA7 /* Products */;
			projectDirPath = "";
			projectRoot = "";
			targets = (
				4CFF9FD3259AB0CC00975BA7 /* FlightInfo */,
			);
		};
/* End PBXProject section */

/* Begin PBXResourcesBuildPhase section */
		4CFF9FD2259AB0CC00975BA7 /* Resources */ = {
			isa = PBXResourcesBuildPhase;
			buildActionMask = 2147483647;
			files = (
				4CFF9FE4259AB0CE00975BA7 /* LaunchScreen.storyboard in Resources */,
				4CFF9FE1259AB0CE00975BA7 /* Assets.xcassets in Resources */,
			);
			runOnlyForDeploymentPostprocessing = 0;
		};
/* End PBXResourcesBuildPhase section */

/* Begin PBXSourcesBuildPhase section */
		4CFF9FD0259AB0CC00975BA7 /* Sources */ = {
			isa = PBXSourcesBuildPhase;
			buildActionMask = 2147483647;
			files = (
				4CFF9FDC259AB0CC00975BA7 /* ViewController.swift in Sources */,
				4CFF9FD8259AB0CC00975BA7 /* AppDelegate.swift in Sources */,
				4CFF9FEF259AB25400975BA7 /* SnowView.swift in Sources */,
				4CFF9FF2259AB26000975BA7 /* FlightData.swift in Sources */,
			);
			runOnlyForDeploymentPostprocessing = 0;
		};
/* End PBXSourcesBuildPhase section */

/* Begin PBXVariantGroup section */
		4CFF9FE2259AB0CE00975BA7 /* LaunchScreen.storyboard */ = {
			isa = PBXVariantGroup;
			children = (
				4CFF9FE3259AB0CE00975BA7 /* Base */,
			);
			name = LaunchScreen.storyboard;
			sourceTree = "<group>";
		};
/* End PBXVariantGroup section */

/* Begin XCBuildConfiguration section */
		4CFF9FE6259AB0CE00975BA7 /* Debug */ = {
			isa = XCBuildConfiguration;
			buildSettings = {
				ALWAYS_SEARCH_USER_PATHS = NO;
				CLANG_ANALYZER_NONNULL = YES;
				CLANG_ANALYZER_NUMBER_OBJECT_CONVERSION = YES_AGGRESSIVE;
				CLANG_CXX_LANGUAGE_STANDARD = "gnu++14";
				CLANG_CXX_LIBRARY = "libc++";
				CLANG_ENABLE_MODULES = YES;
				CLANG_ENABLE_OBJC_ARC = YES;
				CLANG_ENABLE_OBJC_WEAK = YES;
				CLANG_WARN_BLOCK_CAPTURE_AUTORELEASING = YES;
				CLANG_WARN_BOOL_CONVERSION = YES;
				CLANG_WARN_COMMA = YES;
				CLANG_WARN_CONSTANT_CONVERSION = YES;
				CLANG_WARN_DEPRECATED_OBJC_IMPLEMENTATIONS = YES;
				CLANG_WARN_DIRECT_OBJC_ISA_USAGE = YES_ERROR;
				CLANG_WARN_DOCUMENTATION_COMMENTS = YES;
				CLANG_WARN_EMPTY_BODY = YES;
				CLANG_WARN_ENUM_CONVERSION = YES;
				CLANG_WARN_INFINITE_RECURSION = YES;
				CLANG_WARN_INT_CONVERSION = YES;
				CLANG_WARN_NON_LITERAL_NULL_CONVERSION = YES;
				CLANG_WARN_OBJC_IMPLICIT_RETAIN_SELF = YES;
				CLANG_WARN_OBJC_LITERAL_CONVERSION = YES;
				CLANG_WARN_OBJC_ROOT_CLASS = YES_ERROR;
				CLANG_WARN_QUOTED_INCLUDE_IN_FRAMEWORK_HEADER = YES;
				CLANG_WARN_RANGE_LOOP_ANALYSIS = YES;
				CLANG_WARN_STRICT_PROTOTYPES = YES;
				CLANG_WARN_SUSPICIOUS_MOVE = YES;
				CLANG_WARN_UNGUARDED_AVAILABILITY = YES_AGGRESSIVE;
				CLANG_WARN_UNREACHABLE_CODE = YES;
				CLANG_WARN__DUPLICATE_METHOD_MATCH = YES;
				COPY_PHASE_STRIP = NO;
				DEBUG_INFORMATION_FORMAT = dwarf;
				ENABLE_STRICT_OBJC_MSGSEND = YES;
				ENABLE_TESTABILITY = YES;
				GCC_C_LANGUAGE_STANDARD = gnu11;
				GCC_DYNAMIC_NO_PIC = NO;
				GCC_NO_COMMON_BLOCKS = YES;
				GCC_OPTIMIZATION_LEVEL = 0;
				GCC_PREPROCESSOR_DEFINITIONS = (
					"DEBUG=1",
					"$(inherited)",
				);
				GCC_WARN_64_TO_32_BIT_CONVERSION = YES;
				GCC_WARN_ABOUT_RETURN_TYPE = YES_ERROR;
				GCC_WARN_UNDECLARED_SELECTOR = YES;
				GCC_WARN_UNINITIALIZED_AUTOS = YES_AGGRESSIVE;
				GCC_WARN_UNUSED_FUNCTION = YES;
				GCC_WARN_UNUSED_VARIABLE = YES;
				IPHONEOS_DEPLOYMENT_TARGET = 14.3;
				MTL_ENABLE_DEBUG_INFO = INCLUDE_SOURCE;
				MTL_FAST_MATH = YES;
				ONLY_ACTIVE_ARCH = YES;
				SDKROOT = iphoneos;
				SWIFT_ACTIVE_COMPILATION_CONDITIONS = DEBUG;
				SWIFT_OPTIMIZATION_LEVEL = "-Onone";
			};
			name = Debug;
		};
		4CFF9FE7259AB0CE00975BA7 /* Release */ = {
			isa = XCBuildConfiguration;
			buildSettings = {
				ALWAYS_SEARCH_USER_PATHS = NO;
				CLANG_ANALYZER_NONNULL = YES;
				CLANG_ANALYZER_NUMBER_OBJECT_CONVERSION = YES_AGGRESSIVE;
				CLANG_CXX_LANGUAGE_STANDARD = "gnu++14";
				CLANG_CXX_LIBRARY = "libc++";
				CLANG_ENABLE_MODULES = YES;
				CLANG_ENABLE_OBJC_ARC = YES;
				CLANG_ENABLE_OBJC_WEAK = YES;
				CLANG_WARN_BLOCK_CAPTURE_AUTORELEASING = YES;
				CLANG_WARN_BOOL_CONVERSION = YES;
				CLANG_WARN_COMMA = YES;
				CLANG_WARN_CONSTANT_CONVERSION = YES;
				CLANG_WARN_DEPRECATED_OBJC_IMPLEMENTATIONS = YES;
				CLANG_WARN_DIRECT_OBJC_ISA_USAGE = YES_ERROR;
				CLANG_WARN_DOCUMENTATION_COMMENTS = YES;
				CLANG_WARN_EMPTY_BODY = YES;
				CLANG_WARN_ENUM_CONVERSION = YES;
				CLANG_WARN_INFINITE_RECURSION = YES;
				CLANG_WARN_INT_CONVERSION = YES;
				CLANG_WARN_NON_LITERAL_NULL_CONVERSION = YES;
				CLANG_WARN_OBJC_IMPLICIT_RETAIN_SELF = YES;
				CLANG_WARN_OBJC_LITERAL_CONVERSION = YES;
				CLANG_WARN_OBJC_ROOT_CLASS = YES_ERROR;
				CLANG_WARN_QUOTED_INCLUDE_IN_FRAMEWORK_HEADER = YES;
				CLANG_WARN_RANGE_LOOP_ANALYSIS = YES;
				CLANG_WARN_STRICT_PROTOTYPES = YES;
				CLANG_WARN_SUSPICIOUS_MOVE = YES;
				CLANG_WARN_UNGUARDED_AVAILABILITY = YES_AGGRESSIVE;
				CLANG_WARN_UNREACHABLE_CODE = YES;
				CLANG_WARN__DUPLICATE_METHOD_MATCH = YES;
				COPY_PHASE_STRIP = NO;
				DEBUG_INFORMATION_FORMAT = "dwarf-with-dsym";
				ENABLE_NS_ASSERTIONS = NO;
				ENABLE_STRICT_OBJC_MSGSEND = YES;
				GCC_C_LANGUAGE_STANDARD = gnu11;
				GCC_NO_COMMON_BLOCKS = YES;
				GCC_WARN_64_TO_32_BIT_CONVERSION = YES;
				GCC_WARN_ABOUT_RETURN_TYPE = YES_ERROR;
				GCC_WARN_UNDECLARED_SELECTOR = YES;
				GCC_WARN_UNINITIALIZED_AUTOS = YES_AGGRESSIVE;
				GCC_WARN_UNUSED_FUNCTION = YES;
				GCC_WARN_UNUSED_VARIABLE = YES;
				IPHONEOS_DEPLOYMENT_TARGET = 14.3;
				MTL_ENABLE_DEBUG_INFO = NO;
				MTL_FAST_MATH = YES;
				SDKROOT = iphoneos;
				SWIFT_COMPILATION_MODE = wholemodule;
				SWIFT_OPTIMIZATION_LEVEL = "-O";
				VALIDATE_PRODUCT = YES;
			};
			name = Release;
		};
		4CFF9FE9259AB0CE00975BA7 /* Debug */ = {
			isa = XCBuildConfiguration;
			buildSettings = {
				ASSETCATALOG_COMPILER_APPICON_NAME = AppIcon;
				ASSETCATALOG_COMPILER_GLOBAL_ACCENT_COLOR_NAME = AccentColor;
				CODE_SIGN_STYLE = Automatic;
				DEVELOPMENT_TEAM = 99WD9D6Y46;
				INFOPLIST_FILE = FlightInfo/Info.plist;
				LD_RUNPATH_SEARCH_PATHS = (
					"$(inherited)",
					"@executable_path/Frameworks",
				);
				PRODUCT_BUNDLE_IDENTIFIER = CongLeSolutionX.FlightInfo;
				PRODUCT_NAME = "$(TARGET_NAME)";
				SWIFT_VERSION = 5.0;
				TARGETED_DEVICE_FAMILY = "1,2";
			};
			name = Debug;
		};
		4CFF9FEA259AB0CE00975BA7 /* Release */ = {
			isa = XCBuildConfiguration;
			buildSettings = {
				ASSETCATALOG_COMPILER_APPICON_NAME = AppIcon;
				ASSETCATALOG_COMPILER_GLOBAL_ACCENT_COLOR_NAME = AccentColor;
				CODE_SIGN_STYLE = Automatic;
				DEVELOPMENT_TEAM = 99WD9D6Y46;
				INFOPLIST_FILE = FlightInfo/Info.plist;
				LD_RUNPATH_SEARCH_PATHS = (
					"$(inherited)",
					"@executable_path/Frameworks",
				);
				PRODUCT_BUNDLE_IDENTIFIER = CongLeSolutionX.FlightInfo;
				PRODUCT_NAME = "$(TARGET_NAME)";
				SWIFT_VERSION = 5.0;
				TARGETED_DEVICE_FAMILY = "1,2";
			};
			name = Release;
		};
/* End XCBuildConfiguration section */

/* Begin XCConfigurationList section */
		4CFF9FCF259AB0CB00975BA7 /* Build configuration list for PBXProject "FlightInfo" */ = {
			isa = XCConfigurationList;
			buildConfigurations = (
				4CFF9FE6259AB0CE00975BA7 /* Debug */,
				4CFF9FE7259AB0CE00975BA7 /* Release */,
			);
			defaultConfigurationIsVisible = 0;
			defaultConfigurationName = Release;
		};
		4CFF9FE8259AB0CE00975BA7 /* Build configuration list for PBXNativeTarget "FlightInfo" */ = {
			isa = XCConfigurationList;
			buildConfigurations = (
				4CFF9FE9259AB0CE00975BA7 /* Debug */,
				4CFF9FEA259AB0CE00975BA7 /* Release */,
			);
			defaultConfigurationIsVisible = 0;
			defaultConfigurationName = Release;
		};
/* End XCConfigurationList section */
	};
	rootObject = 4CFF9FCC259AB0CB00975BA7 /* Project object */;
}
